
Microsoft Visual Studio Solution File, Format Version 12.00
# Visual Studio Version 16
VisualStudioVersion = 16.0.29613.14
MinimumVisualStudioVersion = 10.0.40219.1
Project("{FAE04EC0-301F-11D3-BF4B-00C04F79EFBC}") = "Billing Inc", "Billing Inc\Billing Inc.csproj", "{D52DC10F-2654-4080-93F6-1233373CEFB1}"
EndProject
Global
	GlobalSection(SolutionConfigurationPlatforms) = preSolution
		Debug|Any CPU = Debug|Any CPU
		Release|Any CPU = Release|Any CPU
	EndGlobalSection
	GlobalSection(ProjectConfigurationPlatforms) = postSolution
		{D52DC10F-2654-4080-93F6-1233373CEFB1}.Debug|Any CPU.ActiveCfg = Debug|Any CPU
		{D52DC10F-2654-4080-93F6-1233373CEFB1}.Debug|Any CPU.Build.0 = Debug|Any CPU
		{D52DC10F-2654-4080-93F6-1233373CEFB1}.Release|Any CPU.ActiveCfg = Release|Any CPU
		{D52DC10F-2654-4080-93F6-1233373CEFB1}.Release|Any CPU.Build.0 = Release|Any CPU
	EndGlobalSection
	GlobalSection(SolutionProperties) = preSolution
		HideSolutionNode = FALSE
	EndGlobalSection
	GlobalSection(ExtensibilityGlobals) = postSolution
		SolutionGuid = {7F70CE8E-CFCC-4561-B8B3-E13C7FF45FEC}
	EndGlobalSection
EndGlobal
